
Microsoft Visual Studio Solution File, Format Version 12.00
# Visual Studio Version 17
VisualStudioVersion = 17.11.35312.102
MinimumVisualStudioVersion = 10.0.40219.1
Project("{FAE04EC0-301F-11D3-BF4B-00C04F79EFBC}") = "mpas pejam", "mpas pejam.csproj", "{23864C5C-9DCE-4F1A-83F4-6FA2FD54F153}"
EndProject
Global
	GlobalSection(SolutionConfigurationPlatforms) = preSolution
		Debug|Any CPU = Debug|Any CPU
		Release|Any CPU = Release|Any CPU
	EndGlobalSection
	GlobalSection(ProjectConfigurationPlatforms) = postSolution
		{23864C5C-9DCE-4F1A-83F4-6FA2FD54F153}.Debug|Any CPU.ActiveCfg = Debug|Any CPU
		{23864C5C-9DCE-4F1A-83F4-6FA2FD54F153}.Debug|Any CPU.Build.0 = Debug|Any CPU
		{23864C5C-9DCE-4F1A-83F4-6FA2FD54F153}.Release|Any CPU.ActiveCfg = Release|Any CPU
		{23864C5C-9DCE-4F1A-83F4-6FA2FD54F153}.Release|Any CPU.Build.0 = Release|Any CPU
	EndGlobalSection
	GlobalSection(SolutionProperties) = preSolution
		HideSolutionNode = FALSE
	EndGlobalSection
	GlobalSection(ExtensibilityGlobals) = postSolution
		SolutionGuid = {5BE6A0D2-3513-4CCE-9FD3-BD5A4BA88F42}
	EndGlobalSection
EndGlobal
